
Microsoft Visual Studio Solution File, Format Version 12.00
# Visual Studio Version 17
VisualStudioVersion = 17.14.36717.8
MinimumVisualStudioVersion = 10.0.40219.1
Project("{2150E333-8FDC-42A3-9474-1A3956D46DE8}") = "src", "src", "{02EA681E-C7D8-13C7-8484-4AC65E1B71E8}"
EndProject
Project("{2150E333-8FDC-42A3-9474-1A3956D46DE8}") = "tests", "tests", "{F62B4342-26E9-4045-A3CE-E5F1407D7B7C}"
EndProject
Project("{FAE04EC0-301F-11D3-BF4B-00C04F79EFBC}") = "CleanArchitecture.Extensions.Core", "src\CleanArchitecture.Extensions.Core\CleanArchitecture.Extensions.Core.csproj", "{031B2E43-CBE9-A3A4-0A16-F95331B567A4}"
EndProject
Project("{FAE04EC0-301F-11D3-BF4B-00C04F79EFBC}") = "CleanArchitecture.Extensions.Core.Tests", "tests\CleanArchitecture.Extensions.Core.Tests\CleanArchitecture.Extensions.Core.Tests.csproj", "{84D477C9-501B-A9BB-FFC5-635B90230777}"
EndProject
Project("{FAE04EC0-301F-11D3-BF4B-00C04F79EFBC}") = "CleanArchitecture.Extensions.Validation", "src\CleanArchitecture.Extensions.Validation\CleanArchitecture.Extensions.Validation.csproj", "{383518DB-DDE5-493B-A779-712AE7A096BA}"
EndProject
Project("{FAE04EC0-301F-11D3-BF4B-00C04F79EFBC}") = "CleanArchitecture.Extensions.Validation.Tests", "tests\CleanArchitecture.Extensions.Validation.Tests\CleanArchitecture.Extensions.Validation.Tests.csproj", "{7F2A6573-5AE4-4ABC-A238-466E87EB3265}"
EndProject
Project("{FAE04EC0-301F-11D3-BF4B-00C04F79EFBC}") = "CleanArchitecture.Extensions.Exceptions", "src\CleanArchitecture.Extensions.Exceptions\CleanArchitecture.Extensions.Exceptions.csproj", "{25B81E62-9C1A-45AD-9F66-2CD5B96E0D0B}"
EndProject
Project("{FAE04EC0-301F-11D3-BF4B-00C04F79EFBC}") = "CleanArchitecture.Extensions.Exceptions.Tests", "tests\CleanArchitecture.Extensions.Exceptions.Tests\CleanArchitecture.Extensions.Exceptions.Tests.csproj", "{40521051-274D-4386-8003-10BB846FB17B}"
EndProject
Project("{FAE04EC0-301F-11D3-BF4B-00C04F79EFBC}") = "CleanArchitecture.Extensions.Caching", "src\CleanArchitecture.Extensions.Caching\CleanArchitecture.Extensions.Caching.csproj", "{E7ACB986-43D3-44C6-8433-DC14311B4430}"
EndProject
Project("{FAE04EC0-301F-11D3-BF4B-00C04F79EFBC}") = "CleanArchitecture.Extensions.Caching.Tests", "tests\CleanArchitecture.Extensions.Caching.Tests\CleanArchitecture.Extensions.Caching.Tests.csproj", "{2A74C87A-317B-4BF2-9AF9-6568E1151272}"
EndProject
Global
	GlobalSection(SolutionConfigurationPlatforms) = preSolution
		Debug|Any CPU = Debug|Any CPU
		Debug|x64 = Debug|x64
		Debug|x86 = Debug|x86
		Release|Any CPU = Release|Any CPU
		Release|x64 = Release|x64
		Release|x86 = Release|x86
	EndGlobalSection
	GlobalSection(ProjectConfigurationPlatforms) = postSolution
		{031B2E43-CBE9-A3A4-0A16-F95331B567A4}.Debug|Any CPU.ActiveCfg = Debug|Any CPU
		{031B2E43-CBE9-A3A4-0A16-F95331B567A4}.Debug|Any CPU.Build.0 = Debug|Any CPU
		{031B2E43-CBE9-A3A4-0A16-F95331B567A4}.Debug|x64.ActiveCfg = Debug|Any CPU
		{031B2E43-CBE9-A3A4-0A16-F95331B567A4}.Debug|x64.Build.0 = Debug|Any CPU
		{031B2E43-CBE9-A3A4-0A16-F95331B567A4}.Debug|x86.ActiveCfg = Debug|Any CPU
		{031B2E43-CBE9-A3A4-0A16-F95331B567A4}.Debug|x86.Build.0 = Debug|Any CPU
		{031B2E43-CBE9-A3A4-0A16-F95331B567A4}.Release|Any CPU.ActiveCfg = Release|Any CPU
		{031B2E43-CBE9-A3A4-0A16-F95331B567A4}.Release|Any CPU.Build.0 = Release|Any CPU
		{031B2E43-CBE9-A3A4-0A16-F95331B567A4}.Release|x64.ActiveCfg = Release|Any CPU
		{031B2E43-CBE9-A3A4-0A16-F95331B567A4}.Release|x64.Build.0 = Release|Any CPU
		{031B2E43-CBE9-A3A4-0A16-F95331B567A4}.Release|x86.ActiveCfg = Release|Any CPU
		{031B2E43-CBE9-A3A4-0A16-F95331B567A4}.Release|x86.Build.0 = Release|Any CPU
		{84D477C9-501B-A9BB-FFC5-635B90230777}.Debug|Any CPU.ActiveCfg = Debug|Any CPU
		{84D477C9-501B-A9BB-FFC5-635B90230777}.Debug|Any CPU.Build.0 = Debug|Any CPU
		{84D477C9-501B-A9BB-FFC5-635B90230777}.Debug|x64.ActiveCfg = Debug|Any CPU
		{84D477C9-501B-A9BB-FFC5-635B90230777}.Debug|x64.Build.0 = Debug|Any CPU
		{84D477C9-501B-A9BB-FFC5-635B90230777}.Debug|x86.ActiveCfg = Debug|Any CPU
		{84D477C9-501B-A9BB-FFC5-635B90230777}.Debug|x86.Build.0 = Debug|Any CPU
		{84D477C9-501B-A9BB-FFC5-635B90230777}.Release|Any CPU.ActiveCfg = Release|Any CPU
		{84D477C9-501B-A9BB-FFC5-635B90230777}.Release|Any CPU.Build.0 = Release|Any CPU
		{84D477C9-501B-A9BB-FFC5-635B90230777}.Release|x64.ActiveCfg = Release|Any CPU
		{84D477C9-501B-A9BB-FFC5-635B90230777}.Release|x64.Build.0 = Release|Any CPU
		{84D477C9-501B-A9BB-FFC5-635B90230777}.Release|x86.ActiveCfg = Release|Any CPU
		{84D477C9-501B-A9BB-FFC5-635B90230777}.Release|x86.Build.0 = Release|Any CPU
		{383518DB-DDE5-493B-A779-712AE7A096BA}.Debug|Any CPU.ActiveCfg = Debug|Any CPU
		{383518DB-DDE5-493B-A779-712AE7A096BA}.Debug|Any CPU.Build.0 = Debug|Any CPU
		{383518DB-DDE5-493B-A779-712AE7A096BA}.Debug|x64.ActiveCfg = Debug|Any CPU
		{383518DB-DDE5-493B-A779-712AE7A096BA}.Debug|x64.Build.0 = Debug|Any CPU
		{383518DB-DDE5-493B-A779-712AE7A096BA}.Debug|x86.ActiveCfg = Debug|Any CPU
		{383518DB-DDE5-493B-A779-712AE7A096BA}.Debug|x86.Build.0 = Debug|Any CPU
		{383518DB-DDE5-493B-A779-712AE7A096BA}.Release|Any CPU.ActiveCfg = Release|Any CPU
		{383518DB-DDE5-493B-A779-712AE7A096BA}.Release|Any CPU.Build.0 = Release|Any CPU
		{383518DB-DDE5-493B-A779-712AE7A096BA}.Release|x64.ActiveCfg = Release|Any CPU
		{383518DB-DDE5-493B-A779-712AE7A096BA}.Release|x64.Build.0 = Release|Any CPU
		{383518DB-DDE5-493B-A779-712AE7A096BA}.Release|x86.ActiveCfg = Release|Any CPU
		{383518DB-DDE5-493B-A779-712AE7A096BA}.Release|x86.Build.0 = Release|Any CPU
		{7F2A6573-5AE4-4ABC-A238-466E87EB3265}.Debug|Any CPU.ActiveCfg = Debug|Any CPU
		{7F2A6573-5AE4-4ABC-A238-466E87EB3265}.Debug|Any CPU.Build.0 = Debug|Any CPU
		{7F2A6573-5AE4-4ABC-A238-466E87EB3265}.Debug|x64.ActiveCfg = Debug|Any CPU
		{7F2A6573-5AE4-4ABC-A238-466E87EB3265}.Debug|x64.Build.0 = Debug|Any CPU
		{7F2A6573-5AE4-4ABC-A238-466E87EB3265}.Debug|x86.ActiveCfg = Debug|Any CPU
		{7F2A6573-5AE4-4ABC-A238-466E87EB3265}.Debug|x86.Build.0 = Debug|Any CPU
		{7F2A6573-5AE4-4ABC-A238-466E87EB3265}.Release|Any CPU.ActiveCfg = Release|Any CPU
		{7F2A6573-5AE4-4ABC-A238-466E87EB3265}.Release|Any CPU.Build.0 = Release|Any CPU
		{7F2A6573-5AE4-4ABC-A238-466E87EB3265}.Release|x64.ActiveCfg = Release|Any CPU
		{7F2A6573-5AE4-4ABC-A238-466E87EB3265}.Release|x64.Build.0 = Release|Any CPU
		{7F2A6573-5AE4-4ABC-A238-466E87EB3265}.Release|x86.ActiveCfg = Release|Any CPU
		{7F2A6573-5AE4-4ABC-A238-466E87EB3265}.Release|x86.Build.0 = Release|Any CPU
		{25B81E62-9C1A-45AD-9F66-2CD5B96E0D0B}.Debug|Any CPU.ActiveCfg = Debug|Any CPU
		{25B81E62-9C1A-45AD-9F66-2CD5B96E0D0B}.Debug|Any CPU.Build.0 = Debug|Any CPU
		{25B81E62-9C1A-45AD-9F66-2CD5B96E0D0B}.Debug|x64.ActiveCfg = Debug|Any CPU
		{25B81E62-9C1A-45AD-9F66-2CD5B96E0D0B}.Debug|x64.Build.0 = Debug|Any CPU
		{25B81E62-9C1A-45AD-9F66-2CD5B96E0D0B}.Debug|x86.ActiveCfg = Debug|Any CPU
		{25B81E62-9C1A-45AD-9F66-2CD5B96E0D0B}.Debug|x86.Build.0 = Debug|Any CPU
		{25B81E62-9C1A-45AD-9F66-2CD5B96E0D0B}.Release|Any CPU.ActiveCfg = Release|Any CPU
		{25B81E62-9C1A-45AD-9F66-2CD5B96E0D0B}.Release|Any CPU.Build.0 = Release|Any CPU
		{25B81E62-9C1A-45AD-9F66-2CD5B96E0D0B}.Release|x64.ActiveCfg = Release|Any CPU
		{25B81E62-9C1A-45AD-9F66-2CD5B96E0D0B}.Release|x64.Build.0 = Release|Any CPU
		{25B81E62-9C1A-45AD-9F66-2CD5B96E0D0B}.Release|x86.ActiveCfg = Release|Any CPU
		{25B81E62-9C1A-45AD-9F66-2CD5B96E0D0B}.Release|x86.Build.0 = Release|Any CPU
		{40521051-274D-4386-8003-10BB846FB17B}.Debug|Any CPU.ActiveCfg = Debug|Any CPU
		{40521051-274D-4386-8003-10BB846FB17B}.Debug|Any CPU.Build.0 = Debug|Any CPU
		{40521051-274D-4386-8003-10BB846FB17B}.Debug|x64.ActiveCfg = Debug|Any CPU
		{40521051-274D-4386-8003-10BB846FB17B}.Debug|x64.Build.0 = Debug|Any CPU
		{40521051-274D-4386-8003-10BB846FB17B}.Debug|x86.ActiveCfg = Debug|Any CPU
		{40521051-274D-4386-8003-10BB846FB17B}.Debug|x86.Build.0 = Debug|Any CPU
		{40521051-274D-4386-8003-10BB846FB17B}.Release|Any CPU.ActiveCfg = Release|Any CPU
		{40521051-274D-4386-8003-10BB846FB17B}.Release|Any CPU.Build.0 = Release|Any CPU
		{40521051-274D-4386-8003-10BB846FB17B}.Release|x64.ActiveCfg = Release|Any CPU
		{40521051-274D-4386-8003-10BB846FB17B}.Release|x64.Build.0 = Release|Any CPU
		{40521051-274D-4386-8003-10BB846FB17B}.Release|x86.ActiveCfg = Release|Any CPU
		{40521051-274D-4386-8003-10BB846FB17B}.Release|x86.Build.0 = Release|Any CPU
		{E7ACB986-43D3-44C6-8433-DC14311B4430}.Debug|Any CPU.ActiveCfg = Debug|Any CPU
		{E7ACB986-43D3-44C6-8433-DC14311B4430}.Debug|Any CPU.Build.0 = Debug|Any CPU
		{E7ACB986-43D3-44C6-8433-DC14311B4430}.Debug|x64.ActiveCfg = Debug|Any CPU
		{E7ACB986-43D3-44C6-8433-DC14311B4430}.Debug|x64.Build.0 = Debug|Any CPU
		{E7ACB986-43D3-44C6-8433-DC14311B4430}.Debug|x86.ActiveCfg = Debug|Any CPU
		{E7ACB986-43D3-44C6-8433-DC14311B4430}.Debug|x86.Build.0 = Debug|Any CPU
		{E7ACB986-43D3-44C6-8433-DC14311B4430}.Release|Any CPU.ActiveCfg = Release|Any CPU
		{E7ACB986-43D3-44C6-8433-DC14311B4430}.Release|Any CPU.Build.0 = Release|Any CPU
		{E7ACB986-43D3-44C6-8433-DC14311B4430}.Release|x64.ActiveCfg = Release|Any CPU
		{E7ACB986-43D3-44C6-8433-DC14311B4430}.Release|x64.Build.0 = Release|Any CPU
		{E7ACB986-43D3-44C6-8433-DC14311B4430}.Release|x86.ActiveCfg = Release|Any CPU
		{E7ACB986-43D3-44C6-8433-DC14311B4430}.Release|x86.Build.0 = Release|Any CPU
		{2A74C87A-317B-4BF2-9AF9-6568E1151272}.Debug|Any CPU.ActiveCfg = Debug|Any CPU
		{2A74C87A-317B-4BF2-9AF9-6568E1151272}.Debug|Any CPU.Build.0 = Debug|Any CPU
		{2A74C87A-317B-4BF2-9AF9-6568E1151272}.Debug|x64.ActiveCfg = Debug|Any CPU
		{2A74C87A-317B-4BF2-9AF9-6568E1151272}.Debug|x64.Build.0 = Debug|Any CPU
		{2A74C87A-317B-4BF2-9AF9-6568E1151272}.Debug|x86.ActiveCfg = Debug|Any CPU
		{2A74C87A-317B-4BF2-9AF9-6568E1151272}.Debug|x86.Build.0 = Debug|Any CPU
		{2A74C87A-317B-4BF2-9AF9-6568E1151272}.Release|Any CPU.ActiveCfg = Release|Any CPU
		{2A74C87A-317B-4BF2-9AF9-6568E1151272}.Release|Any CPU.Build.0 = Release|Any CPU
		{2A74C87A-317B-4BF2-9AF9-6568E1151272}.Release|x64.ActiveCfg = Release|Any CPU
		{2A74C87A-317B-4BF2-9AF9-6568E1151272}.Release|x64.Build.0 = Release|Any CPU
		{2A74C87A-317B-4BF2-9AF9-6568E1151272}.Release|x86.ActiveCfg = Release|Any CPU
		{2A74C87A-317B-4BF2-9AF9-6568E1151272}.Release|x86.Build.0 = Release|Any CPU
	EndGlobalSection
	GlobalSection(SolutionProperties) = preSolution
		HideSolutionNode = FALSE
	EndGlobalSection
	GlobalSection(NestedProjects) = preSolution
		{031B2E43-CBE9-A3A4-0A16-F95331B567A4} = {02EA681E-C7D8-13C7-8484-4AC65E1B71E8}
		{84D477C9-501B-A9BB-FFC5-635B90230777} = {F62B4342-26E9-4045-A3CE-E5F1407D7B7C}
		{383518DB-DDE5-493B-A779-712AE7A096BA} = {02EA681E-C7D8-13C7-8484-4AC65E1B71E8}
		{7F2A6573-5AE4-4ABC-A238-466E87EB3265} = {F62B4342-26E9-4045-A3CE-E5F1407D7B7C}
		{25B81E62-9C1A-45AD-9F66-2CD5B96E0D0B} = {02EA681E-C7D8-13C7-8484-4AC65E1B71E8}
		{40521051-274D-4386-8003-10BB846FB17B} = {F62B4342-26E9-4045-A3CE-E5F1407D7B7C}
		{E7ACB986-43D3-44C6-8433-DC14311B4430} = {02EA681E-C7D8-13C7-8484-4AC65E1B71E8}
		{2A74C87A-317B-4BF2-9AF9-6568E1151272} = {F62B4342-26E9-4045-A3CE-E5F1407D7B7C}
	EndGlobalSection
	GlobalSection(ExtensibilityGlobals) = postSolution
		SolutionGuid = {F68B004F-788E-4715-A5ED-E70500597B3C}
	EndGlobalSection
EndGlobal
