
Microsoft Visual Studio Solution File, Format Version 12.00
# Visual Studio Version 17
VisualStudioVersion = 17.14.36717.8
MinimumVisualStudioVersion = 10.0.40219.1
Project("{2150E333-8FDC-42A3-9474-1A3956D46DE8}") = "src", "src", "{02EA681E-C7D8-13C7-8484-4AC65E1B71E8}"
EndProject
Project("{2150E333-8FDC-42A3-9474-1A3956D46DE8}") = "tests", "tests", "{F62B4342-26E9-4045-A3CE-E5F1407D7B7C}"
EndProject
Project("{FAE04EC0-301F-11D3-BF4B-00C04F79EFBC}") = "CleanArchitecture.Extensions.Caching", "src\CleanArchitecture.Extensions.Caching\CleanArchitecture.Extensions.Caching.csproj", "{E7ACB986-43D3-44C6-8433-DC14311B4430}"
EndProject
Project("{FAE04EC0-301F-11D3-BF4B-00C04F79EFBC}") = "CleanArchitecture.Extensions.Multitenancy", "src\CleanArchitecture.Extensions.Multitenancy\CleanArchitecture.Extensions.Multitenancy.csproj", "{7BDC1575-CD40-4EF2-9135-BFA17AD07D27}"
EndProject
Project("{FAE04EC0-301F-11D3-BF4B-00C04F79EFBC}") = "CleanArchitecture.Extensions.Multitenancy.AspNetCore", "src\CleanArchitecture.Extensions.Multitenancy.AspNetCore\CleanArchitecture.Extensions.Multitenancy.AspNetCore.csproj", "{D4F0A6A8-3B56-4837-9D3D-CFD8527778AA}"
EndProject
Project("{FAE04EC0-301F-11D3-BF4B-00C04F79EFBC}") = "CleanArchitecture.Extensions.Caching.Tests", "tests\CleanArchitecture.Extensions.Caching.Tests\CleanArchitecture.Extensions.Caching.Tests.csproj", "{2A74C87A-317B-4BF2-9AF9-6568E1151272}"
EndProject
Project("{FAE04EC0-301F-11D3-BF4B-00C04F79EFBC}") = "CleanArchitecture.Extensions.Multitenancy.Tests", "tests\CleanArchitecture.Extensions.Multitenancy.Tests\CleanArchitecture.Extensions.Multitenancy.Tests.csproj", "{9195674F-4AB8-4869-852E-735D861A207E}"
EndProject
Project("{FAE04EC0-301F-11D3-BF4B-00C04F79EFBC}") = "CleanArchitecture.Extensions.Multitenancy.AspNetCore.Tests", "tests\CleanArchitecture.Extensions.Multitenancy.AspNetCore.Tests\CleanArchitecture.Extensions.Multitenancy.AspNetCore.Tests.csproj", "{C8D1ECAF-DA00-4805-88E1-84B68DC2144C}"
EndProject
Global
	GlobalSection(SolutionConfigurationPlatforms) = preSolution
		Debug|Any CPU = Debug|Any CPU
		Debug|x64 = Debug|x64
		Debug|x86 = Debug|x86
		Release|Any CPU = Release|Any CPU
		Release|x64 = Release|x64
		Release|x86 = Release|x86
	EndGlobalSection
	GlobalSection(ProjectConfigurationPlatforms) = postSolution
		{E7ACB986-43D3-44C6-8433-DC14311B4430}.Debug|Any CPU.ActiveCfg = Debug|Any CPU
		{E7ACB986-43D3-44C6-8433-DC14311B4430}.Debug|Any CPU.Build.0 = Debug|Any CPU
		{E7ACB986-43D3-44C6-8433-DC14311B4430}.Debug|x64.ActiveCfg = Debug|Any CPU
		{E7ACB986-43D3-44C6-8433-DC14311B4430}.Debug|x64.Build.0 = Debug|Any CPU
		{E7ACB986-43D3-44C6-8433-DC14311B4430}.Debug|x86.ActiveCfg = Debug|Any CPU
		{E7ACB986-43D3-44C6-8433-DC14311B4430}.Debug|x86.Build.0 = Debug|Any CPU
		{E7ACB986-43D3-44C6-8433-DC14311B4430}.Release|Any CPU.ActiveCfg = Release|Any CPU
		{E7ACB986-43D3-44C6-8433-DC14311B4430}.Release|Any CPU.Build.0 = Release|Any CPU
		{E7ACB986-43D3-44C6-8433-DC14311B4430}.Release|x64.ActiveCfg = Release|Any CPU
		{E7ACB986-43D3-44C6-8433-DC14311B4430}.Release|x64.Build.0 = Release|Any CPU
		{E7ACB986-43D3-44C6-8433-DC14311B4430}.Release|x86.ActiveCfg = Release|Any CPU
		{E7ACB986-43D3-44C6-8433-DC14311B4430}.Release|x86.Build.0 = Release|Any CPU
		{7BDC1575-CD40-4EF2-9135-BFA17AD07D27}.Debug|Any CPU.ActiveCfg = Debug|Any CPU
		{7BDC1575-CD40-4EF2-9135-BFA17AD07D27}.Debug|Any CPU.Build.0 = Debug|Any CPU
		{7BDC1575-CD40-4EF2-9135-BFA17AD07D27}.Debug|x64.ActiveCfg = Debug|Any CPU
		{7BDC1575-CD40-4EF2-9135-BFA17AD07D27}.Debug|x64.Build.0 = Debug|Any CPU
		{7BDC1575-CD40-4EF2-9135-BFA17AD07D27}.Debug|x86.ActiveCfg = Debug|Any CPU
		{7BDC1575-CD40-4EF2-9135-BFA17AD07D27}.Debug|x86.Build.0 = Debug|Any CPU
		{7BDC1575-CD40-4EF2-9135-BFA17AD07D27}.Release|Any CPU.ActiveCfg = Release|Any CPU
		{7BDC1575-CD40-4EF2-9135-BFA17AD07D27}.Release|Any CPU.Build.0 = Release|Any CPU
		{7BDC1575-CD40-4EF2-9135-BFA17AD07D27}.Release|x64.ActiveCfg = Release|Any CPU
		{7BDC1575-CD40-4EF2-9135-BFA17AD07D27}.Release|x64.Build.0 = Release|Any CPU
		{7BDC1575-CD40-4EF2-9135-BFA17AD07D27}.Release|x86.ActiveCfg = Release|Any CPU
		{7BDC1575-CD40-4EF2-9135-BFA17AD07D27}.Release|x86.Build.0 = Release|Any CPU
		{D4F0A6A8-3B56-4837-9D3D-CFD8527778AA}.Debug|Any CPU.ActiveCfg = Debug|Any CPU
		{D4F0A6A8-3B56-4837-9D3D-CFD8527778AA}.Debug|Any CPU.Build.0 = Debug|Any CPU
		{D4F0A6A8-3B56-4837-9D3D-CFD8527778AA}.Debug|x64.ActiveCfg = Debug|Any CPU
		{D4F0A6A8-3B56-4837-9D3D-CFD8527778AA}.Debug|x64.Build.0 = Debug|Any CPU
		{D4F0A6A8-3B56-4837-9D3D-CFD8527778AA}.Debug|x86.ActiveCfg = Debug|Any CPU
		{D4F0A6A8-3B56-4837-9D3D-CFD8527778AA}.Debug|x86.Build.0 = Debug|Any CPU
		{D4F0A6A8-3B56-4837-9D3D-CFD8527778AA}.Release|Any CPU.ActiveCfg = Release|Any CPU
		{D4F0A6A8-3B56-4837-9D3D-CFD8527778AA}.Release|Any CPU.Build.0 = Release|Any CPU
		{D4F0A6A8-3B56-4837-9D3D-CFD8527778AA}.Release|x64.ActiveCfg = Release|Any CPU
		{D4F0A6A8-3B56-4837-9D3D-CFD8527778AA}.Release|x64.Build.0 = Release|Any CPU
		{D4F0A6A8-3B56-4837-9D3D-CFD8527778AA}.Release|x86.ActiveCfg = Release|Any CPU
		{D4F0A6A8-3B56-4837-9D3D-CFD8527778AA}.Release|x86.Build.0 = Release|Any CPU
		{2A74C87A-317B-4BF2-9AF9-6568E1151272}.Debug|Any CPU.ActiveCfg = Debug|Any CPU
		{2A74C87A-317B-4BF2-9AF9-6568E1151272}.Debug|Any CPU.Build.0 = Debug|Any CPU
		{2A74C87A-317B-4BF2-9AF9-6568E1151272}.Debug|x64.ActiveCfg = Debug|Any CPU
		{2A74C87A-317B-4BF2-9AF9-6568E1151272}.Debug|x64.Build.0 = Debug|Any CPU
		{2A74C87A-317B-4BF2-9AF9-6568E1151272}.Debug|x86.ActiveCfg = Debug|Any CPU
		{2A74C87A-317B-4BF2-9AF9-6568E1151272}.Debug|x86.Build.0 = Debug|Any CPU
		{2A74C87A-317B-4BF2-9AF9-6568E1151272}.Release|Any CPU.ActiveCfg = Release|Any CPU
		{2A74C87A-317B-4BF2-9AF9-6568E1151272}.Release|Any CPU.Build.0 = Release|Any CPU
		{2A74C87A-317B-4BF2-9AF9-6568E1151272}.Release|x64.ActiveCfg = Release|Any CPU
		{2A74C87A-317B-4BF2-9AF9-6568E1151272}.Release|x64.Build.0 = Release|Any CPU
		{2A74C87A-317B-4BF2-9AF9-6568E1151272}.Release|x86.ActiveCfg = Release|Any CPU
		{2A74C87A-317B-4BF2-9AF9-6568E1151272}.Release|x86.Build.0 = Release|Any CPU
		{9195674F-4AB8-4869-852E-735D861A207E}.Debug|Any CPU.ActiveCfg = Debug|Any CPU
		{9195674F-4AB8-4869-852E-735D861A207E}.Debug|Any CPU.Build.0 = Debug|Any CPU
		{9195674F-4AB8-4869-852E-735D861A207E}.Debug|x64.ActiveCfg = Debug|Any CPU
		{9195674F-4AB8-4869-852E-735D861A207E}.Debug|x64.Build.0 = Debug|Any CPU
		{9195674F-4AB8-4869-852E-735D861A207E}.Debug|x86.ActiveCfg = Debug|Any CPU
		{9195674F-4AB8-4869-852E-735D861A207E}.Debug|x86.Build.0 = Debug|Any CPU
		{9195674F-4AB8-4869-852E-735D861A207E}.Release|Any CPU.ActiveCfg = Release|Any CPU
		{9195674F-4AB8-4869-852E-735D861A207E}.Release|Any CPU.Build.0 = Release|Any CPU
		{9195674F-4AB8-4869-852E-735D861A207E}.Release|x64.ActiveCfg = Release|Any CPU
		{9195674F-4AB8-4869-852E-735D861A207E}.Release|x64.Build.0 = Release|Any CPU
		{9195674F-4AB8-4869-852E-735D861A207E}.Release|x86.ActiveCfg = Release|Any CPU
		{9195674F-4AB8-4869-852E-735D861A207E}.Release|x86.Build.0 = Release|Any CPU
		{C8D1ECAF-DA00-4805-88E1-84B68DC2144C}.Debug|Any CPU.ActiveCfg = Debug|Any CPU
		{C8D1ECAF-DA00-4805-88E1-84B68DC2144C}.Debug|Any CPU.Build.0 = Debug|Any CPU
		{C8D1ECAF-DA00-4805-88E1-84B68DC2144C}.Debug|x64.ActiveCfg = Debug|Any CPU
		{C8D1ECAF-DA00-4805-88E1-84B68DC2144C}.Debug|x64.Build.0 = Debug|Any CPU
		{C8D1ECAF-DA00-4805-88E1-84B68DC2144C}.Debug|x86.ActiveCfg = Debug|Any CPU
		{C8D1ECAF-DA00-4805-88E1-84B68DC2144C}.Debug|x86.Build.0 = Debug|Any CPU
		{C8D1ECAF-DA00-4805-88E1-84B68DC2144C}.Release|Any CPU.ActiveCfg = Release|Any CPU
		{C8D1ECAF-DA00-4805-88E1-84B68DC2144C}.Release|Any CPU.Build.0 = Release|Any CPU
		{C8D1ECAF-DA00-4805-88E1-84B68DC2144C}.Release|x64.ActiveCfg = Release|Any CPU
		{C8D1ECAF-DA00-4805-88E1-84B68DC2144C}.Release|x64.Build.0 = Release|Any CPU
		{C8D1ECAF-DA00-4805-88E1-84B68DC2144C}.Release|x86.ActiveCfg = Release|Any CPU
		{C8D1ECAF-DA00-4805-88E1-84B68DC2144C}.Release|x86.Build.0 = Release|Any CPU
	EndGlobalSection
	GlobalSection(SolutionProperties) = preSolution
		HideSolutionNode = FALSE
	EndGlobalSection
	GlobalSection(NestedProjects) = preSolution
		{E7ACB986-43D3-44C6-8433-DC14311B4430} = {02EA681E-C7D8-13C7-8484-4AC65E1B71E8}
		{7BDC1575-CD40-4EF2-9135-BFA17AD07D27} = {02EA681E-C7D8-13C7-8484-4AC65E1B71E8}
		{D4F0A6A8-3B56-4837-9D3D-CFD8527778AA} = {02EA681E-C7D8-13C7-8484-4AC65E1B71E8}
		{2A74C87A-317B-4BF2-9AF9-6568E1151272} = {F62B4342-26E9-4045-A3CE-E5F1407D7B7C}
		{9195674F-4AB8-4869-852E-735D861A207E} = {F62B4342-26E9-4045-A3CE-E5F1407D7B7C}
		{C8D1ECAF-DA00-4805-88E1-84B68DC2144C} = {F62B4342-26E9-4045-A3CE-E5F1407D7B7C}
	EndGlobalSection
	GlobalSection(ExtensibilityGlobals) = postSolution
		SolutionGuid = {F68B004F-788E-4715-A5ED-E70500597B3C}
	EndGlobalSection
EndGlobal
